
Microsoft Visual Studio Solution File, Format Version 12.00
# Visual Studio Version 18
VisualStudioVersion = 18.3.11505.172 d18.3
MinimumVisualStudioVersion = 10.0.40219.1
Project("{FAE04EC0-301F-11D3-BF4B-00C04F79EFBC}") = "BTCPayServer.Plugins.Payjoin", "BTCPayServer.Plugins.Payjoin\BTCPayServer.Plugins.Payjoin.csproj", "{F8BF1FC8-B7F7-7070-D198-0B98E923D890}"
EndProject
Global
	GlobalSection(SolutionConfigurationPlatforms) = preSolution
		Debug|Any CPU = Debug|Any CPU
		Release|Any CPU = Release|Any CPU
	EndGlobalSection
	GlobalSection(ProjectConfigurationPlatforms) = postSolution
		{F8BF1FC8-B7F7-7070-D198-0B98E923D890}.Debug|Any CPU.ActiveCfg = Debug|Any CPU
		{F8BF1FC8-B7F7-7070-D198-0B98E923D890}.Debug|Any CPU.Build.0 = Debug|Any CPU
		{F8BF1FC8-B7F7-7070-D198-0B98E923D890}.Release|Any CPU.ActiveCfg = Release|Any CPU
		{F8BF1FC8-B7F7-7070-D198-0B98E923D890}.Release|Any CPU.Build.0 = Release|Any CPU
	EndGlobalSection
	GlobalSection(SolutionProperties) = preSolution
		HideSolutionNode = FALSE
	EndGlobalSection
	GlobalSection(ExtensibilityGlobals) = postSolution
		SolutionGuid = {C00172AA-7D4E-491E-9BB4-1F665D450955}
	EndGlobalSection
EndGlobal
